
Microsoft Visual Studio Solution File, Format Version 12.00
# Visual Studio Version 17
VisualStudioVersion = 17.10.35201.131
MinimumVisualStudioVersion = 10.0.40219.1
Project("{FAE04EC0-301F-11D3-BF4B-00C04F79EFBC}") = "YouthProtectionApi", "YouthProtectionApi.csproj", "{3C0DF4D3-4183-4481-BEB3-110EDABA27C3}"
EndProject
Global
	GlobalSection(SolutionConfigurationPlatforms) = preSolution
		Debug|Any CPU = Debug|Any CPU
		Release|Any CPU = Release|Any CPU
	EndGlobalSection
	GlobalSection(ProjectConfigurationPlatforms) = postSolution
		{3C0DF4D3-4183-4481-BEB3-110EDABA27C3}.Debug|Any CPU.ActiveCfg = Debug|Any CPU
		{3C0DF4D3-4183-4481-BEB3-110EDABA27C3}.Debug|Any CPU.Build.0 = Debug|Any CPU
		{3C0DF4D3-4183-4481-BEB3-110EDABA27C3}.Release|Any CPU.ActiveCfg = Release|Any CPU
		{3C0DF4D3-4183-4481-BEB3-110EDABA27C3}.Release|Any CPU.Build.0 = Release|Any CPU
	EndGlobalSection
	GlobalSection(SolutionProperties) = preSolution
		HideSolutionNode = FALSE
	EndGlobalSection
	GlobalSection(ExtensibilityGlobals) = postSolution
		SolutionGuid = {AC979C1D-2D45-4286-8DC7-DF7A5DFA579A}
	EndGlobalSection
EndGlobal
